// !$*UTF8*$!
{
	archiveVersion = 1;
	classes = {
	};
	objectVersion = 46;
	objects = {

/* Begin PBXBuildFile section */
		A5E2A14E1D31D4090054072F /* AppDelegate.swift in Sources */ = {isa = PBXBuildFile; fileRef = A5E2A14D1D31D4090054072F /* AppDelegate.swift */; };
		A5E2A1501D31D4090054072F /* ViewController.swift in Sources */ = {isa = PBXBuildFile; fileRef = A5E2A14F1D31D4090054072F /* ViewController.swift */; };
		A5E2A1531D31D4090054072F /* Main.storyboard in Resources */ = {isa = PBXBuildFile; fileRef = A5E2A1511D31D4090054072F /* Main.storyboard */; };
		A5E2A1551D31D4090054072F /* Assets.xcassets in Resources */ = {isa = PBXBuildFile; fileRef = A5E2A1541D31D4090054072F /* Assets.xcassets */; };
		A5E2A1581D31D4090054072F /* LaunchScreen.storyboard in Resources */ = {isa = PBXBuildFile; fileRef = A5E2A1561D31D4090054072F /* LaunchScreen.storyboard */; };
		A5E2A1601D31D6FC0054072F /* pokemon.csv in Resources */ = {isa = PBXBuildFile; fileRef = A5E2A15F1D31D6FC0054072F /* pokemon.csv */; };
/* End PBXBuildFile section */

/* Begin PBXFileReference section */
		A5E2A14A1D31D4090054072F /* pokedex-by-devslopes.app */ = {isa = PBXFileReference; explicitFileType = wrapper.application; includeInIndex = 0; path = "pokedex-by-devslopes.app"; sourceTree = BUILT_PRODUCTS_DIR; };
		A5E2A14D1D31D4090054072F /* AppDelegate.swift */ = {isa = PBXFileReference; lastKnownFileType = sourcecode.swift; path = AppDelegate.swift; sourceTree = "<group>"; };
		A5E2A14F1D31D4090054072F /* ViewController.swift */ = {isa = PBXFileReference; lastKnownFileType = sourcecode.swift; path = ViewController.swift; sourceTree = "<group>"; };
		A5E2A1521D31D4090054072F /* Base */ = {isa = PBXFileReference; lastKnownFileType = file.storyboard; name = Base; path = Base.lproj/Main.storyboard; sourceTree = "<group>"; };
		A5E2A1541D31D4090054072F /* Assets.xcassets */ = {isa = PBXFileReference; lastKnownFileType = folder.assetcatalog; path = Assets.xcassets; sourceTree = "<group>"; };
		A5E2A1571D31D4090054072F /* Base */ = {isa = PBXFileReference; lastKnownFileType = file.storyboard; name = Base; path = Base.lproj/LaunchScreen.storyboard; sourceTree = "<group>"; };
		A5E2A1591D31D4090054072F /* Info.plist */ = {isa = PBXFileReference; lastKnownFileType = text.plist.xml; path = Info.plist; sourceTree = "<group>"; };
		A5E2A15F1D31D6FC0054072F /* pokemon.csv */ = {isa = PBXFileReference; fileEncoding = 4; lastKnownFileType = text; path = pokemon.csv; sourceTree = "<group>"; };
/* End PBXFileReference section */

/* Begin PBXFrameworksBuildPhase section */
		A5E2A1471D31D4090054072F /* Frameworks */ = {
			isa = PBXFrameworksBuildPhase;
			buildActionMask = 2147483647;
			files = (
			);
			runOnlyForDeploymentPostprocessing = 0;
		};
/* End PBXFrameworksBuildPhase section */

/* Begin PBXGroup section */
		A5E2A1411D31D4090054072F = {
			isa = PBXGroup;
			children = (
				A5E2A14C1D31D4090054072F /* pokedex-by-devslopes */,
				A5E2A14B1D31D4090054072F /* Products */,
			);
			sourceTree = "<group>";
		};
		A5E2A14B1D31D4090054072F /* Products */ = {
			isa = PBXGroup;
			children = (
				A5E2A14A1D31D4090054072F /* pokedex-by-devslopes.app */,
			);
			name = Products;
			sourceTree = "<group>";
		};
		A5E2A14C1D31D4090054072F /* pokedex-by-devslopes */ = {
			isa = PBXGroup;
			children = (
				A5E2A15F1D31D6FC0054072F /* pokemon.csv */,
				A5E2A14D1D31D4090054072F /* AppDelegate.swift */,
				A5E2A14F1D31D4090054072F /* ViewController.swift */,
				A5E2A1511D31D4090054072F /* Main.storyboard */,
				A5E2A1541D31D4090054072F /* Assets.xcassets */,
				A5E2A1561D31D4090054072F /* LaunchScreen.storyboard */,
				A5E2A1591D31D4090054072F /* Info.plist */,
			);
			path = "pokedex-by-devslopes";
			sourceTree = "<group>";
		};
/* End PBXGroup section */

/* Begin PBXNativeTarget section */
		A5E2A1491D31D4090054072F /* pokedex-by-devslopes */ = {
			isa = PBXNativeTarget;
			buildConfigurationList = A5E2A15C1D31D4090054072F /* Build configuration list for PBXNativeTarget "pokedex-by-devslopes" */;
			buildPhases = (
				A5E2A1461D31D4090054072F /* Sources */,
				A5E2A1471D31D4090054072F /* Frameworks */,
				A5E2A1481D31D4090054072F /* Resources */,
			);
			buildRules = (
			);
			dependencies = (
			);
			name = "pokedex-by-devslopes";
			productName = "pokedex-by-devslopes";
			productReference = A5E2A14A1D31D4090054072F /* pokedex-by-devslopes.app */;
			productType = "com.apple.product-type.application";
		};
/* End PBXNativeTarget section */

/* Begin PBXProject section */
		A5E2A1421D31D4090054072F /* Project object */ = {
			isa = PBXProject;
			attributes = {
				LastSwiftUpdateCheck = 0730;
				LastUpgradeCheck = 0730;
				ORGANIZATIONNAME = "Fred Bunn";
				TargetAttributes = {
					A5E2A1491D31D4090054072F = {
						CreatedOnToolsVersion = 7.3.1;
					};
				};
			};
			buildConfigurationList = A5E2A1451D31D4090054072F /* Build configuration list for PBXProject "pokedex-by-devslopes" */;
			compatibilityVersion = "Xcode 3.2";
			developmentRegion = English;
			hasScannedForEncodings = 0;
			knownRegions = (
				en,
				Base,
			);
			mainGroup = A5E2A1411D31D4090054072F;
			productRefGroup = A5E2A14B1D31D4090054072F /* Products */;
			projectDirPath = "";
			projectRoot = "";
			targets = (
				A5E2A1491D31D4090054072F /* pokedex-by-devslopes */,
			);
		};
/* End PBXProject section */

/* Begin PBXResourcesBuildPhase section */
		A5E2A1481D31D4090054072F /* Resources */ = {
			isa = PBXResourcesBuildPhase;
			buildActionMask = 2147483647;
			files = (
				A5E2A1581D31D4090054072F /* LaunchScreen.storyboard in Resources */,
				A5E2A1551D31D4090054072F /* Assets.xcassets in Resources */,
				A5E2A1601D31D6FC0054072F /* pokemon.csv in Resources */,
				A5E2A1531D31D4090054072F /* Main.storyboard in Resources */,
			);
			runOnlyForDeploymentPostprocessing = 0;
		};
/* End PBXResourcesBuildPhase section */

/* Begin PBXSourcesBuildPhase section */
		A5E2A1461D31D4090054072F /* Sources */ = {
			isa = PBXSourcesBuildPhase;
			buildActionMask = 2147483647;
			files = (
				A5E2A1501D31D4090054072F /* ViewController.swift in Sources */,
				A5E2A14E1D31D4090054072F /* AppDelegate.swift in Sources */,
			);
			runOnlyForDeploymentPostprocessing = 0;
		};
/* End PBXSourcesBuildPhase section */

/* Begin PBXVariantGroup section */
		A5E2A1511D31D4090054072F /* Main.storyboard */ = {
			isa = PBXVariantGroup;
			children = (
				A5E2A1521D31D4090054072F /* Base */,
			);
			name = Main.storyboard;
			sourceTree = "<group>";
		};
		A5E2A1561D31D4090054072F /* LaunchScreen.storyboard */ = {
			isa = PBXVariantGroup;
			children = (
				A5E2A1571D31D4090054072F /* Base */,
			);
			name = LaunchScreen.storyboard;
			sourceTree = "<group>";
		};
/* End PBXVariantGroup section */

/* Begin XCBuildConfiguration section */
		A5E2A15A1D31D4090054072F /* Debug */ = {
			isa = XCBuildConfiguration;
			buildSettings = {
				ALWAYS_SEARCH_USER_PATHS = NO;
				CLANG_ANALYZER_NONNULL = YES;
				CLANG_CXX_LANGUAGE_STANDARD = "gnu++0x";
				CLANG_CXX_LIBRARY = "libc++";
				CLANG_ENABLE_MODULES = YES;
				CLANG_ENABLE_OBJC_ARC = YES;
				CLANG_WARN_BOOL_CONVERSION = YES;
				CLANG_WARN_CONSTANT_CONVERSION = YES;
				CLANG_WARN_DIRECT_OBJC_ISA_USAGE = YES_ERROR;
				CLANG_WARN_EMPTY_BODY = YES;
				CLANG_WARN_ENUM_CONVERSION = YES;
				CLANG_WARN_INT_CONVERSION = YES;
				CLANG_WARN_OBJC_ROOT_CLASS = YES_ERROR;
				CLANG_WARN_UNREACHABLE_CODE = YES;
				CLANG_WARN__DUPLICATE_METHOD_MATCH = YES;
				"CODE_SIGN_IDENTITY[sdk=iphoneos*]" = "iPhone Developer";
				COPY_PHASE_STRIP = NO;
				DEBUG_INFORMATION_FORMAT = dwarf;
				ENABLE_STRICT_OBJC_MSGSEND = YES;
				ENABLE_TESTABILITY = YES;
				GCC_C_LANGUAGE_STANDARD = gnu99;
				GCC_DYNAMIC_NO_PIC = NO;
				GCC_NO_COMMON_BLOCKS = YES;
				GCC_OPTIMIZATION_LEVEL = 0;
				GCC_PREPROCESSOR_DEFINITIONS = (
					"DEBUG=1",
					"$(inherited)",
				);
				GCC_WARN_64_TO_32_BIT_CONVERSION = YES;
				GCC_WARN_ABOUT_RETURN_TYPE = YES_ERROR;
				GCC_WARN_UNDECLARED_SELECTOR = YES;
				GCC_WARN_UNINITIALIZED_AUTOS = YES_AGGRESSIVE;
				GCC_WARN_UNUSED_FUNCTION = YES;
				GCC_WARN_UNUSED_VARIABLE = YES;
				IPHONEOS_DEPLOYMENT_TARGET = 9.3;
				MTL_ENABLE_DEBUG_INFO = YES;
				ONLY_ACTIVE_ARCH = YES;
				SDKROOT = iphoneos;
				SWIFT_OPTIMIZATION_LEVEL = "-Onone";
				TARGETED_DEVICE_FAMILY = "1,2";
			};
			name = Debug;
		};
		A5E2A15B1D31D4090054072F /* Release */ = {
			isa = XCBuildConfiguration;
			buildSettings = {
				ALWAYS_SEARCH_USER_PATHS = NO;
				CLANG_ANALYZER_NONNULL = YES;
				CLANG_CXX_LANGUAGE_STANDARD = "gnu++0x";
				CLANG_CXX_LIBRARY = "libc++";
				CLANG_ENABLE_MODULES = YES;
				CLANG_ENABLE_OBJC_ARC = YES;
				CLANG_WARN_BOOL_CONVERSION = YES;
				CLANG_WARN_CONSTANT_CONVERSION = YES;
				CLANG_WARN_DIRECT_OBJC_ISA_USAGE = YES_ERROR;
				CLANG_WARN_EMPTY_BODY = YES;
				CLANG_WARN_ENUM_CONVERSION = YES;
				CLANG_WARN_INT_CONVERSION = YES;
				CLANG_WARN_OBJC_ROOT_CLASS = YES_ERROR;
				CLANG_WARN_UNREACHABLE_CODE = YES;
				CLANG_WARN__DUPLICATE_METHOD_MATCH = YES;
				"CODE_SIGN_IDENTITY[sdk=iphoneos*]" = "iPhone Developer";
				COPY_PHASE_STRIP = NO;
				DEBUG_INFORMATION_FORMAT = "dwarf-with-dsym";
				ENABLE_NS_ASSERTIONS = NO;
				ENABLE_STRICT_OBJC_MSGSEND = YES;
				GCC_C_LANGUAGE_STANDARD = gnu99;
				GCC_NO_COMMON_BLOCKS = YES;
				GCC_WARN_64_TO_32_BIT_CONVERSION = YES;
				GCC_WARN_ABOUT_RETURN_TYPE = YES_ERROR;
				GCC_WARN_UNDECLARED_SELECTOR = YES;
				GCC_WARN_UNINITIALIZED_AUTOS = YES_AGGRESSIVE;
				GCC_WARN_UNUSED_FUNCTION = YES;
				GCC_WARN_UNUSED_VARIABLE = YES;
				IPHONEOS_DEPLOYMENT_TARGET = 9.3;
				MTL_ENABLE_DEBUG_INFO = NO;
				SDKROOT = iphoneos;
				TARGETED_DEVICE_FAMILY = "1,2";
				VALIDATE_PRODUCT = YES;
			};
			name = Release;
		};
		A5E2A15D1D31D4090054072F /* Debug */ = {
			isa = XCBuildConfiguration;
			buildSettings = {
				ASSETCATALOG_COMPILER_APPICON_NAME = AppIcon;
				INFOPLIST_FILE = "pokedex-by-devslopes/Info.plist";
				LD_RUNPATH_SEARCH_PATHS = "$(inherited) @executable_path/Frameworks";
				PRODUCT_BUNDLE_IDENTIFIER = "com.haronfire.pokedex-by-devslopes";
				PRODUCT_NAME = "$(TARGET_NAME)";
			};
			name = Debug;
		};
		A5E2A15E1D31D4090054072F /* Release */ = {
			isa = XCBuildConfiguration;
			buildSettings = {
				ASSETCATALOG_COMPILER_APPICON_NAME = AppIcon;
				INFOPLIST_FILE = "pokedex-by-devslopes/Info.plist";
				LD_RUNPATH_SEARCH_PATHS = "$(inherited) @executable_path/Frameworks";
				PRODUCT_BUNDLE_IDENTIFIER = "com.haronfire.pokedex-by-devslopes";
				PRODUCT_NAME = "$(TARGET_NAME)";
			};
			name = Release;
		};
/* End XCBuildConfiguration section */

/* Begin XCConfigurationList section */
		A5E2A1451D31D4090054072F /* Build configuration list for PBXProject "pokedex-by-devslopes" */ = {
			isa = XCConfigurationList;
			buildConfigurations = (
				A5E2A15A1D31D4090054072F /* Debug */,
				A5E2A15B1D31D4090054072F /* Release */,
			);
			defaultConfigurationIsVisible = 0;
			defaultConfigurationName = Release;
		};
		A5E2A15C1D31D4090054072F /* Build configuration list for PBXNativeTarget "pokedex-by-devslopes" */ = {
			isa = XCConfigurationList;
			buildConfigurations = (
				A5E2A15D1D31D4090054072F /* Debug */,
				A5E2A15E1D31D4090054072F /* Release */,
			);
			defaultConfigurationIsVisible = 0;
		};
/* End XCConfigurationList section */
	};
	rootObject = A5E2A1421D31D4090054072F /* Project object */;
}
